
Microsoft Visual Studio Solution File, Format Version 12.00
# Visual Studio Version 16
VisualStudioVersion = 16.0.32228.343
MinimumVisualStudioVersion = 10.0.40219.1
Project("{888888A0-9F3D-457C-B088-3A5042F75D52}") = "Ohmuv_zakon", "Ohmuv_zakon.pyproj", "{40B507F7-9B72-48CA-9CAC-E86EA807F1FC}"
EndProject
Global
	GlobalSection(SolutionConfigurationPlatforms) = preSolution
		Debug|Any CPU = Debug|Any CPU
		Release|Any CPU = Release|Any CPU
	EndGlobalSection
	GlobalSection(ProjectConfigurationPlatforms) = postSolution
		{40B507F7-9B72-48CA-9CAC-E86EA807F1FC}.Debug|Any CPU.ActiveCfg = Debug|Any CPU
		{40B507F7-9B72-48CA-9CAC-E86EA807F1FC}.Release|Any CPU.ActiveCfg = Release|Any CPU
	EndGlobalSection
	GlobalSection(SolutionProperties) = preSolution
		HideSolutionNode = FALSE
	EndGlobalSection
	GlobalSection(ExtensibilityGlobals) = postSolution
		SolutionGuid = {78DC5643-A3F2-404D-967F-8858AEAF657E}
	EndGlobalSection
EndGlobal
